
Microsoft Visual Studio Solution File, Format Version 12.00
# Visual Studio Version 17
VisualStudioVersion = 17.8.34408.163
MinimumVisualStudioVersion = 10.0.40219.1
Project("{FAE04EC0-301F-11D3-BF4B-00C04F79EFBC}") = "WindowsFormsApp1", "WindowsFormsApp1\WindowsFormsApp1.csproj", "{165C9A4C-0A51-4074-8076-757BD0069F2E}"
EndProject
Global
	GlobalSection(SolutionConfigurationPlatforms) = preSolution
		Debug|Any CPU = Debug|Any CPU
		Release|Any CPU = Release|Any CPU
	EndGlobalSection
	GlobalSection(ProjectConfigurationPlatforms) = postSolution
		{165C9A4C-0A51-4074-8076-757BD0069F2E}.Debug|Any CPU.ActiveCfg = Debug|Any CPU
		{165C9A4C-0A51-4074-8076-757BD0069F2E}.Debug|Any CPU.Build.0 = Debug|Any CPU
		{165C9A4C-0A51-4074-8076-757BD0069F2E}.Release|Any CPU.ActiveCfg = Release|Any CPU
		{165C9A4C-0A51-4074-8076-757BD0069F2E}.Release|Any CPU.Build.0 = Release|Any CPU
	EndGlobalSection
	GlobalSection(SolutionProperties) = preSolution
		HideSolutionNode = FALSE
	EndGlobalSection
	GlobalSection(ExtensibilityGlobals) = postSolution
		SolutionGuid = {536993D6-2E14-4F0D-A38F-2C3E964F3841}
	EndGlobalSection
EndGlobal
